
Microsoft Visual Studio Solution File, Format Version 12.00
# Visual Studio Version 17
VisualStudioVersion = 17.10.34916.146
MinimumVisualStudioVersion = 10.0.40219.1
Project("{9A19103F-16F7-4668-BE54-9A1E7A4F7556}") = "BulkyWeb", "BulkyWeb\BulkyWeb.csproj", "{20845D1D-4FAB-42A5-A6BF-B91B728986D7}"
EndProject
Project("{FAE04EC0-301F-11D3-BF4B-00C04F79EFBC}") = "Bulky.DataAccess", "Bulky.DataAccess\Bulky.DataAccess.csproj", "{30134463-2E31-4728-8F8B-3498DF345EAC}"
EndProject
Project("{FAE04EC0-301F-11D3-BF4B-00C04F79EFBC}") = "Bulky.Models", "Bulky.Models\Bulky.Models.csproj", "{6E398129-7D2F-4D96-9F83-736B89CE192F}"
EndProject
Project("{FAE04EC0-301F-11D3-BF4B-00C04F79EFBC}") = "Bulky.Utility", "Bulky.Utility\Bulky.Utility.csproj", "{CF90463E-1FFF-448A-B96F-6B8129063C52}"
EndProject
Global
	GlobalSection(SolutionConfigurationPlatforms) = preSolution
		Debug|Any CPU = Debug|Any CPU
		Release|Any CPU = Release|Any CPU
	EndGlobalSection
	GlobalSection(ProjectConfigurationPlatforms) = postSolution
		{20845D1D-4FAB-42A5-A6BF-B91B728986D7}.Debug|Any CPU.ActiveCfg = Debug|Any CPU
		{20845D1D-4FAB-42A5-A6BF-B91B728986D7}.Debug|Any CPU.Build.0 = Debug|Any CPU
		{20845D1D-4FAB-42A5-A6BF-B91B728986D7}.Release|Any CPU.ActiveCfg = Release|Any CPU
		{20845D1D-4FAB-42A5-A6BF-B91B728986D7}.Release|Any CPU.Build.0 = Release|Any CPU
		{30134463-2E31-4728-8F8B-3498DF345EAC}.Debug|Any CPU.ActiveCfg = Debug|Any CPU
		{30134463-2E31-4728-8F8B-3498DF345EAC}.Debug|Any CPU.Build.0 = Debug|Any CPU
		{30134463-2E31-4728-8F8B-3498DF345EAC}.Release|Any CPU.ActiveCfg = Release|Any CPU
		{30134463-2E31-4728-8F8B-3498DF345EAC}.Release|Any CPU.Build.0 = Release|Any CPU
		{6E398129-7D2F-4D96-9F83-736B89CE192F}.Debug|Any CPU.ActiveCfg = Debug|Any CPU
		{6E398129-7D2F-4D96-9F83-736B89CE192F}.Debug|Any CPU.Build.0 = Debug|Any CPU
		{6E398129-7D2F-4D96-9F83-736B89CE192F}.Release|Any CPU.ActiveCfg = Release|Any CPU
		{6E398129-7D2F-4D96-9F83-736B89CE192F}.Release|Any CPU.Build.0 = Release|Any CPU
		{CF90463E-1FFF-448A-B96F-6B8129063C52}.Debug|Any CPU.ActiveCfg = Debug|Any CPU
		{CF90463E-1FFF-448A-B96F-6B8129063C52}.Debug|Any CPU.Build.0 = Debug|Any CPU
		{CF90463E-1FFF-448A-B96F-6B8129063C52}.Release|Any CPU.ActiveCfg = Release|Any CPU
		{CF90463E-1FFF-448A-B96F-6B8129063C52}.Release|Any CPU.Build.0 = Release|Any CPU
	EndGlobalSection
	GlobalSection(SolutionProperties) = preSolution
		HideSolutionNode = FALSE
	EndGlobalSection
	GlobalSection(ExtensibilityGlobals) = postSolution
		SolutionGuid = {8EAB30EA-1582-45C3-A0DE-6DB8B33837BA}
	EndGlobalSection
EndGlobal
